
Microsoft Visual Studio Solution File, Format Version 12.00
# Visual Studio 15
VisualStudioVersion = 15.0.28307.421
MinimumVisualStudioVersion = 10.0.40219.1
Project("{8BC9CEB8-8B4A-11D0-8D11-00A0C91BC942}") = "ScatClient", "ScatClient\ScatClient.vcxproj", "{B1E5E25B-2985-42E4-8DFC-451212A9CCF8}"
EndProject
Project("{8BC9CEB8-8B4A-11D0-8D11-00A0C91BC942}") = "ScatServer", "ScatServer\ScatServer.vcxproj", "{B63171AC-17FD-42F9-BD6B-9A781D1B2B8C}"
EndProject
Global
	GlobalSection(SolutionConfigurationPlatforms) = preSolution
		Debug|x64 = Debug|x64
		Debug|x86 = Debug|x86
		Release|x64 = Release|x64
		Release|x86 = Release|x86
	EndGlobalSection
	GlobalSection(ProjectConfigurationPlatforms) = postSolution
		{B1E5E25B-2985-42E4-8DFC-451212A9CCF8}.Debug|x64.ActiveCfg = Debug|x64
		{B1E5E25B-2985-42E4-8DFC-451212A9CCF8}.Debug|x64.Build.0 = Debug|x64
		{B1E5E25B-2985-42E4-8DFC-451212A9CCF8}.Debug|x86.ActiveCfg = Debug|Win32
		{B1E5E25B-2985-42E4-8DFC-451212A9CCF8}.Debug|x86.Build.0 = Debug|Win32
		{B1E5E25B-2985-42E4-8DFC-451212A9CCF8}.Release|x64.ActiveCfg = Release|x64
		{B1E5E25B-2985-42E4-8DFC-451212A9CCF8}.Release|x64.Build.0 = Release|x64
		{B1E5E25B-2985-42E4-8DFC-451212A9CCF8}.Release|x86.ActiveCfg = Release|Win32
		{B1E5E25B-2985-42E4-8DFC-451212A9CCF8}.Release|x86.Build.0 = Release|Win32
		{B63171AC-17FD-42F9-BD6B-9A781D1B2B8C}.Debug|x64.ActiveCfg = Debug|x64
		{B63171AC-17FD-42F9-BD6B-9A781D1B2B8C}.Debug|x64.Build.0 = Debug|x64
		{B63171AC-17FD-42F9-BD6B-9A781D1B2B8C}.Debug|x86.ActiveCfg = Debug|Win32
		{B63171AC-17FD-42F9-BD6B-9A781D1B2B8C}.Debug|x86.Build.0 = Debug|Win32
		{B63171AC-17FD-42F9-BD6B-9A781D1B2B8C}.Release|x64.ActiveCfg = Release|x64
		{B63171AC-17FD-42F9-BD6B-9A781D1B2B8C}.Release|x64.Build.0 = Release|x64
		{B63171AC-17FD-42F9-BD6B-9A781D1B2B8C}.Release|x86.ActiveCfg = Release|Win32
		{B63171AC-17FD-42F9-BD6B-9A781D1B2B8C}.Release|x86.Build.0 = Release|Win32
	EndGlobalSection
	GlobalSection(SolutionProperties) = preSolution
		HideSolutionNode = FALSE
	EndGlobalSection
	GlobalSection(ExtensibilityGlobals) = postSolution
		SolutionGuid = {8F088C61-66D7-4823-A712-1D1E4434AD7A}
		Qt5Version = 5.6.3
	EndGlobalSection
EndGlobal
